
Microsoft Visual Studio Solution File, Format Version 12.00
# Visual Studio Version 17
VisualStudioVersion = 17.14.36119.2 d17.14
MinimumVisualStudioVersion = 10.0.40219.1
Project("{FAE04EC0-301F-11D3-BF4B-00C04F79EFBC}") = "FindJapanCharacters", "FindJapanCharacters.csproj", "{03FAE77C-EC58-256C-D6A5-C1E6D9387945}"
EndProject
Global
	GlobalSection(SolutionConfigurationPlatforms) = preSolution
		Debug|Any CPU = Debug|Any CPU
		Release|Any CPU = Release|Any CPU
	EndGlobalSection
	GlobalSection(ProjectConfigurationPlatforms) = postSolution
		{03FAE77C-EC58-256C-D6A5-C1E6D9387945}.Debug|Any CPU.ActiveCfg = Debug|Any CPU
		{03FAE77C-EC58-256C-D6A5-C1E6D9387945}.Debug|Any CPU.Build.0 = Debug|Any CPU
		{03FAE77C-EC58-256C-D6A5-C1E6D9387945}.Release|Any CPU.ActiveCfg = Release|Any CPU
		{03FAE77C-EC58-256C-D6A5-C1E6D9387945}.Release|Any CPU.Build.0 = Release|Any CPU
	EndGlobalSection
	GlobalSection(SolutionProperties) = preSolution
		HideSolutionNode = FALSE
	EndGlobalSection
	GlobalSection(ExtensibilityGlobals) = postSolution
		SolutionGuid = {C80D4B1C-A675-4087-A1D2-8F30CF2EE9FC}
	EndGlobalSection
EndGlobal
